
Microsoft Visual Studio Solution File, Format Version 12.00
# Visual Studio 15
VisualStudioVersion = 15.0.28307.329
MinimumVisualStudioVersion = 10.0.40219.1
Project("{FAE04EC0-301F-11D3-BF4B-00C04F79EFBC}") = "InitProject.WebApi", "InitProject.WebApi\InitProject.WebApi.csproj", "{AFDA2CCB-6978-4310-8498-5745642A36ED}"
EndProject
Project("{FAE04EC0-301F-11D3-BF4B-00C04F79EFBC}") = "initProject.Domain", "initProject.Domain\initProject.Domain.csproj", "{61191039-134B-4B5C-9885-10D82695AAEF}"
EndProject
Project("{FAE04EC0-301F-11D3-BF4B-00C04F79EFBC}") = "InitProject.Repository", "InitProject.Repository\InitProject.Repository.csproj", "{AB7B250F-FD9D-4699-8FE2-CC9264B9D857}"
EndProject
Project("{FAE04EC0-301F-11D3-BF4B-00C04F79EFBC}") = "InitProject.Infrastructure", "InitProject.Infrastructure\InitProject.Infrastructure.csproj", "{6754BB63-24FA-457B-A7EE-2C0CF1001A3C}"
EndProject
Global
	GlobalSection(SolutionConfigurationPlatforms) = preSolution
		Debug|Any CPU = Debug|Any CPU
		Release|Any CPU = Release|Any CPU
	EndGlobalSection
	GlobalSection(ProjectConfigurationPlatforms) = postSolution
		{AFDA2CCB-6978-4310-8498-5745642A36ED}.Debug|Any CPU.ActiveCfg = Debug|Any CPU
		{AFDA2CCB-6978-4310-8498-5745642A36ED}.Debug|Any CPU.Build.0 = Debug|Any CPU
		{AFDA2CCB-6978-4310-8498-5745642A36ED}.Release|Any CPU.ActiveCfg = Release|Any CPU
		{AFDA2CCB-6978-4310-8498-5745642A36ED}.Release|Any CPU.Build.0 = Release|Any CPU
		{61191039-134B-4B5C-9885-10D82695AAEF}.Debug|Any CPU.ActiveCfg = Debug|Any CPU
		{61191039-134B-4B5C-9885-10D82695AAEF}.Debug|Any CPU.Build.0 = Debug|Any CPU
		{61191039-134B-4B5C-9885-10D82695AAEF}.Release|Any CPU.ActiveCfg = Release|Any CPU
		{61191039-134B-4B5C-9885-10D82695AAEF}.Release|Any CPU.Build.0 = Release|Any CPU
		{AB7B250F-FD9D-4699-8FE2-CC9264B9D857}.Debug|Any CPU.ActiveCfg = Debug|Any CPU
		{AB7B250F-FD9D-4699-8FE2-CC9264B9D857}.Debug|Any CPU.Build.0 = Debug|Any CPU
		{AB7B250F-FD9D-4699-8FE2-CC9264B9D857}.Release|Any CPU.ActiveCfg = Release|Any CPU
		{AB7B250F-FD9D-4699-8FE2-CC9264B9D857}.Release|Any CPU.Build.0 = Release|Any CPU
		{6754BB63-24FA-457B-A7EE-2C0CF1001A3C}.Debug|Any CPU.ActiveCfg = Debug|Any CPU
		{6754BB63-24FA-457B-A7EE-2C0CF1001A3C}.Debug|Any CPU.Build.0 = Debug|Any CPU
		{6754BB63-24FA-457B-A7EE-2C0CF1001A3C}.Release|Any CPU.ActiveCfg = Release|Any CPU
		{6754BB63-24FA-457B-A7EE-2C0CF1001A3C}.Release|Any CPU.Build.0 = Release|Any CPU
	EndGlobalSection
	GlobalSection(SolutionProperties) = preSolution
		HideSolutionNode = FALSE
	EndGlobalSection
	GlobalSection(ExtensibilityGlobals) = postSolution
		SolutionGuid = {C262ED8F-6193-42A7-9EF4-8BA29FDA0F33}
	EndGlobalSection
EndGlobal
